// !$*UTF8*$!
{
	archiveVersion = 1;
	classes = {
	};
	objectVersion = 55;
	objects = {

/* Begin PBXBuildFile section */
		BF4EEA7927C6D7A80097C654 /* NextViewController.swift in Sources */ = {isa = PBXBuildFile; fileRef = BF4EEA7827C6D7A80097C654 /* NextViewController.swift */; };
		BFDFDA9727CB5A6900EE3CA7 /* DetailViewController.swift in Sources */ = {isa = PBXBuildFile; fileRef = BFDFDA9627CB5A6900EE3CA7 /* DetailViewController.swift */; };
		BFF5CF6227C36AFB00A1FD30 /* AppDelegate.swift in Sources */ = {isa = PBXBuildFile; fileRef = BFF5CF6127C36AFB00A1FD30 /* AppDelegate.swift */; };
		BFF5CF6427C36AFB00A1FD30 /* SceneDelegate.swift in Sources */ = {isa = PBXBuildFile; fileRef = BFF5CF6327C36AFB00A1FD30 /* SceneDelegate.swift */; };
		BFF5CF6627C36AFB00A1FD30 /* ViewController.swift in Sources */ = {isa = PBXBuildFile; fileRef = BFF5CF6527C36AFB00A1FD30 /* ViewController.swift */; };
		BFF5CF6927C36AFB00A1FD30 /* Main.storyboard in Resources */ = {isa = PBXBuildFile; fileRef = BFF5CF6727C36AFB00A1FD30 /* Main.storyboard */; };
		BFF5CF6B27C36AFC00A1FD30 /* Assets.xcassets in Resources */ = {isa = PBXBuildFile; fileRef = BFF5CF6A27C36AFC00A1FD30 /* Assets.xcassets */; };
		BFF5CF6E27C36AFC00A1FD30 /* LaunchScreen.storyboard in Resources */ = {isa = PBXBuildFile; fileRef = BFF5CF6C27C36AFC00A1FD30 /* LaunchScreen.storyboard */; };
		BFF5CF7927C36AFC00A1FD30 /* ToDoOriginalTests.swift in Sources */ = {isa = PBXBuildFile; fileRef = BFF5CF7827C36AFC00A1FD30 /* ToDoOriginalTests.swift */; };
		BFF5CF8327C36AFC00A1FD30 /* ToDoOriginalUITests.swift in Sources */ = {isa = PBXBuildFile; fileRef = BFF5CF8227C36AFC00A1FD30 /* ToDoOriginalUITests.swift */; };
		BFF5CF8527C36AFC00A1FD30 /* ToDoOriginalUITestsLaunchTests.swift in Sources */ = {isa = PBXBuildFile; fileRef = BFF5CF8427C36AFC00A1FD30 /* ToDoOriginalUITestsLaunchTests.swift */; };
		BFF5CF9327C36C4400A1FD30 /* Realm in Frameworks */ = {isa = PBXBuildFile; productRef = BFF5CF9227C36C4400A1FD30 /* Realm */; };
		BFF5CF9527C36C4400A1FD30 /* RealmSwift in Frameworks */ = {isa = PBXBuildFile; productRef = BFF5CF9427C36C4400A1FD30 /* RealmSwift */; };
		BFF5CF9727C36FA700A1FD30 /* ToDoData.swift in Sources */ = {isa = PBXBuildFile; fileRef = BFF5CF9627C36FA700A1FD30 /* ToDoData.swift */; };
/* End PBXBuildFile section */

/* Begin PBXContainerItemProxy section */
		BFF5CF7527C36AFC00A1FD30 /* PBXContainerItemProxy */ = {
			isa = PBXContainerItemProxy;
			containerPortal = BFF5CF5627C36AFB00A1FD30 /* Project object */;
			proxyType = 1;
			remoteGlobalIDString = BFF5CF5D27C36AFB00A1FD30;
			remoteInfo = ToDoOriginal;
		};
		BFF5CF7F27C36AFC00A1FD30 /* PBXContainerItemProxy */ = {
			isa = PBXContainerItemProxy;
			containerPortal = BFF5CF5627C36AFB00A1FD30 /* Project object */;
			proxyType = 1;
			remoteGlobalIDString = BFF5CF5D27C36AFB00A1FD30;
			remoteInfo = ToDoOriginal;
		};
/* End PBXContainerItemProxy section */

/* Begin PBXFileReference section */
		BF4EEA7827C6D7A80097C654 /* NextViewController.swift */ = {isa = PBXFileReference; lastKnownFileType = sourcecode.swift; path = NextViewController.swift; sourceTree = "<group>"; };
		BFDFDA9627CB5A6900EE3CA7 /* DetailViewController.swift */ = {isa = PBXFileReference; lastKnownFileType = sourcecode.swift; path = DetailViewController.swift; sourceTree = "<group>"; };
		BFF5CF5E27C36AFB00A1FD30 /* ToDoOriginal.app */ = {isa = PBXFileReference; explicitFileType = wrapper.application; includeInIndex = 0; path = ToDoOriginal.app; sourceTree = BUILT_PRODUCTS_DIR; };
		BFF5CF6127C36AFB00A1FD30 /* AppDelegate.swift */ = {isa = PBXFileReference; lastKnownFileType = sourcecode.swift; path = AppDelegate.swift; sourceTree = "<group>"; };
		BFF5CF6327C36AFB00A1FD30 /* SceneDelegate.swift */ = {isa = PBXFileReference; lastKnownFileType = sourcecode.swift; path = SceneDelegate.swift; sourceTree = "<group>"; };
		BFF5CF6527C36AFB00A1FD30 /* ViewController.swift */ = {isa = PBXFileReference; lastKnownFileType = sourcecode.swift; path = ViewController.swift; sourceTree = "<group>"; };
		BFF5CF6827C36AFB00A1FD30 /* Base */ = {isa = PBXFileReference; lastKnownFileType = file.storyboard; name = Base; path = Base.lproj/Main.storyboard; sourceTree = "<group>"; };
		BFF5CF6A27C36AFC00A1FD30 /* Assets.xcassets */ = {isa = PBXFileReference; lastKnownFileType = folder.assetcatalog; path = Assets.xcassets; sourceTree = "<group>"; };
		BFF5CF6D27C36AFC00A1FD30 /* Base */ = {isa = PBXFileReference; lastKnownFileType = file.storyboard; name = Base; path = Base.lproj/LaunchScreen.storyboard; sourceTree = "<group>"; };
		BFF5CF6F27C36AFC00A1FD30 /* Info.plist */ = {isa = PBXFileReference; lastKnownFileType = text.plist.xml; path = Info.plist; sourceTree = "<group>"; };
		BFF5CF7427C36AFC00A1FD30 /* ToDoOriginalTests.xctest */ = {isa = PBXFileReference; explicitFileType = wrapper.cfbundle; includeInIndex = 0; path = ToDoOriginalTests.xctest; sourceTree = BUILT_PRODUCTS_DIR; };
		BFF5CF7827C36AFC00A1FD30 /* ToDoOriginalTests.swift */ = {isa = PBXFileReference; lastKnownFileType = sourcecode.swift; path = ToDoOriginalTests.swift; sourceTree = "<group>"; };
		BFF5CF7E27C36AFC00A1FD30 /* ToDoOriginalUITests.xctest */ = {isa = PBXFileReference; explicitFileType = wrapper.cfbundle; includeInIndex = 0; path = ToDoOriginalUITests.xctest; sourceTree = BUILT_PRODUCTS_DIR; };
		BFF5CF8227C36AFC00A1FD30 /* ToDoOriginalUITests.swift */ = {isa = PBXFileReference; lastKnownFileType = sourcecode.swift; path = ToDoOriginalUITests.swift; sourceTree = "<group>"; };
		BFF5CF8427C36AFC00A1FD30 /* ToDoOriginalUITestsLaunchTests.swift */ = {isa = PBXFileReference; lastKnownFileType = sourcecode.swift; path = ToDoOriginalUITestsLaunchTests.swift; sourceTree = "<group>"; };
		BFF5CF9627C36FA700A1FD30 /* ToDoData.swift */ = {isa = PBXFileReference; lastKnownFileType = sourcecode.swift; path = ToDoData.swift; sourceTree = "<group>"; };
/* End PBXFileReference section */

/* Begin PBXFrameworksBuildPhase section */
		BFF5CF5B27C36AFB00A1FD30 /* Frameworks */ = {
			isa = PBXFrameworksBuildPhase;
			buildActionMask = 2147483647;
			files = (
				BFF5CF9527C36C4400A1FD30 /* RealmSwift in Frameworks */,
				BFF5CF9327C36C4400A1FD30 /* Realm in Frameworks */,
			);
			runOnlyForDeploymentPostprocessing = 0;
		};
		BFF5CF7127C36AFC00A1FD30 /* Frameworks */ = {
			isa = PBXFrameworksBuildPhase;
			buildActionMask = 2147483647;
			files = (
			);
			runOnlyForDeploymentPostprocessing = 0;
		};
		BFF5CF7B27C36AFC00A1FD30 /* Frameworks */ = {
			isa = PBXFrameworksBuildPhase;
			buildActionMask = 2147483647;
			files = (
			);
			runOnlyForDeploymentPostprocessing = 0;
		};
/* End PBXFrameworksBuildPhase section */

/* Begin PBXGroup section */
		BFF5CF5527C36AFB00A1FD30 = {
			isa = PBXGroup;
			children = (
				BFF5CF6027C36AFB00A1FD30 /* ToDoOriginal */,
				BFF5CF7727C36AFC00A1FD30 /* ToDoOriginalTests */,
				BFF5CF8127C36AFC00A1FD30 /* ToDoOriginalUITests */,
				BFF5CF5F27C36AFB00A1FD30 /* Products */,
			);
			sourceTree = "<group>";
		};
		BFF5CF5F27C36AFB00A1FD30 /* Products */ = {
			isa = PBXGroup;
			children = (
				BFF5CF5E27C36AFB00A1FD30 /* ToDoOriginal.app */,
				BFF5CF7427C36AFC00A1FD30 /* ToDoOriginalTests.xctest */,
				BFF5CF7E27C36AFC00A1FD30 /* ToDoOriginalUITests.xctest */,
			);
			name = Products;
			sourceTree = "<group>";
		};
		BFF5CF6027C36AFB00A1FD30 /* ToDoOriginal */ = {
			isa = PBXGroup;
			children = (
				BFF5CF6127C36AFB00A1FD30 /* AppDelegate.swift */,
				BFF5CF6327C36AFB00A1FD30 /* SceneDelegate.swift */,
				BFF5CF6527C36AFB00A1FD30 /* ViewController.swift */,
				BFF5CF6727C36AFB00A1FD30 /* Main.storyboard */,
				BFF5CF6A27C36AFC00A1FD30 /* Assets.xcassets */,
				BFF5CF6C27C36AFC00A1FD30 /* LaunchScreen.storyboard */,
				BFF5CF6F27C36AFC00A1FD30 /* Info.plist */,
				BFF5CF9627C36FA700A1FD30 /* ToDoData.swift */,
				BF4EEA7827C6D7A80097C654 /* NextViewController.swift */,
				BFDFDA9627CB5A6900EE3CA7 /* DetailViewController.swift */,
			);
			path = ToDoOriginal;
			sourceTree = "<group>";
		};
		BFF5CF7727C36AFC00A1FD30 /* ToDoOriginalTests */ = {
			isa = PBXGroup;
			children = (
				BFF5CF7827C36AFC00A1FD30 /* ToDoOriginalTests.swift */,
			);
			path = ToDoOriginalTests;
			sourceTree = "<group>";
		};
		BFF5CF8127C36AFC00A1FD30 /* ToDoOriginalUITests */ = {
			isa = PBXGroup;
			children = (
				BFF5CF8227C36AFC00A1FD30 /* ToDoOriginalUITests.swift */,
				BFF5CF8427C36AFC00A1FD30 /* ToDoOriginalUITestsLaunchTests.swift */,
			);
			path = ToDoOriginalUITests;
			sourceTree = "<group>";
		};
/* End PBXGroup section */

/* Begin PBXNativeTarget section */
		BFF5CF5D27C36AFB00A1FD30 /* ToDoOriginal */ = {
			isa = PBXNativeTarget;
			buildConfigurationList = BFF5CF8827C36AFC00A1FD30 /* Build configuration list for PBXNativeTarget "ToDoOriginal" */;
			buildPhases = (
				BFF5CF5A27C36AFB00A1FD30 /* Sources */,
				BFF5CF5B27C36AFB00A1FD30 /* Frameworks */,
				BFF5CF5C27C36AFB00A1FD30 /* Resources */,
			);
			buildRules = (
			);
			dependencies = (
			);
			name = ToDoOriginal;
			packageProductDependencies = (
				BFF5CF9227C36C4400A1FD30 /* Realm */,
				BFF5CF9427C36C4400A1FD30 /* RealmSwift */,
			);
			productName = ToDoOriginal;
			productReference = BFF5CF5E27C36AFB00A1FD30 /* ToDoOriginal.app */;
			productType = "com.apple.product-type.application";
		};
		BFF5CF7327C36AFC00A1FD30 /* ToDoOriginalTests */ = {
			isa = PBXNativeTarget;
			buildConfigurationList = BFF5CF8B27C36AFC00A1FD30 /* Build configuration list for PBXNativeTarget "ToDoOriginalTests" */;
			buildPhases = (
				BFF5CF7027C36AFC00A1FD30 /* Sources */,
				BFF5CF7127C36AFC00A1FD30 /* Frameworks */,
				BFF5CF7227C36AFC00A1FD30 /* Resources */,
			);
			buildRules = (
			);
			dependencies = (
				BFF5CF7627C36AFC00A1FD30 /* PBXTargetDependency */,
			);
			name = ToDoOriginalTests;
			productName = ToDoOriginalTests;
			productReference = BFF5CF7427C36AFC00A1FD30 /* ToDoOriginalTests.xctest */;
			productType = "com.apple.product-type.bundle.unit-test";
		};
		BFF5CF7D27C36AFC00A1FD30 /* ToDoOriginalUITests */ = {
			isa = PBXNativeTarget;
			buildConfigurationList = BFF5CF8E27C36AFC00A1FD30 /* Build configuration list for PBXNativeTarget "ToDoOriginalUITests" */;
			buildPhases = (
				BFF5CF7A27C36AFC00A1FD30 /* Sources */,
				BFF5CF7B27C36AFC00A1FD30 /* Frameworks */,
				BFF5CF7C27C36AFC00A1FD30 /* Resources */,
			);
			buildRules = (
			);
			dependencies = (
				BFF5CF8027C36AFC00A1FD30 /* PBXTargetDependency */,
			);
			name = ToDoOriginalUITests;
			productName = ToDoOriginalUITests;
			productReference = BFF5CF7E27C36AFC00A1FD30 /* ToDoOriginalUITests.xctest */;
			productType = "com.apple.product-type.bundle.ui-testing";
		};
/* End PBXNativeTarget section */

/* Begin PBXProject section */
		BFF5CF5627C36AFB00A1FD30 /* Project object */ = {
			isa = PBXProject;
			attributes = {
				BuildIndependentTargetsInParallel = 1;
				LastSwiftUpdateCheck = 1300;
				LastUpgradeCheck = 1300;
				TargetAttributes = {
					BFF5CF5D27C36AFB00A1FD30 = {
						CreatedOnToolsVersion = 13.0;
					};
					BFF5CF7327C36AFC00A1FD30 = {
						CreatedOnToolsVersion = 13.0;
						TestTargetID = BFF5CF5D27C36AFB00A1FD30;
					};
					BFF5CF7D27C36AFC00A1FD30 = {
						CreatedOnToolsVersion = 13.0;
						TestTargetID = BFF5CF5D27C36AFB00A1FD30;
					};
				};
			};
			buildConfigurationList = BFF5CF5927C36AFB00A1FD30 /* Build configuration list for PBXProject "ToDoOriginal" */;
			compatibilityVersion = "Xcode 13.0";
			developmentRegion = en;
			hasScannedForEncodings = 0;
			knownRegions = (
				en,
				Base,
			);
			mainGroup = BFF5CF5527C36AFB00A1FD30;
			packageReferences = (
				BFF5CF9127C36C4400A1FD30 /* XCRemoteSwiftPackageReference "realm-cocoa" */,
			);
			productRefGroup = BFF5CF5F27C36AFB00A1FD30 /* Products */;
			projectDirPath = "";
			projectRoot = "";
			targets = (
				BFF5CF5D27C36AFB00A1FD30 /* ToDoOriginal */,
				BFF5CF7327C36AFC00A1FD30 /* ToDoOriginalTests */,
				BFF5CF7D27C36AFC00A1FD30 /* ToDoOriginalUITests */,
			);
		};
/* End PBXProject section */

/* Begin PBXResourcesBuildPhase section */
		BFF5CF5C27C36AFB00A1FD30 /* Resources */ = {
			isa = PBXResourcesBuildPhase;
			buildActionMask = 2147483647;
			files = (
				BFF5CF6E27C36AFC00A1FD30 /* LaunchScreen.storyboard in Resources */,
				BFF5CF6B27C36AFC00A1FD30 /* Assets.xcassets in Resources */,
				BFF5CF6927C36AFB00A1FD30 /* Main.storyboard in Resources */,
			);
			runOnlyForDeploymentPostprocessing = 0;
		};
		BFF5CF7227C36AFC00A1FD30 /* Resources */ = {
			isa = PBXResourcesBuildPhase;
			buildActionMask = 2147483647;
			files = (
			);
			runOnlyForDeploymentPostprocessing = 0;
		};
		BFF5CF7C27C36AFC00A1FD30 /* Resources */ = {
			isa = PBXResourcesBuildPhase;
			buildActionMask = 2147483647;
			files = (
			);
			runOnlyForDeploymentPostprocessing = 0;
		};
/* End PBXResourcesBuildPhase section */

/* Begin PBXSourcesBuildPhase section */
		BFF5CF5A27C36AFB00A1FD30 /* Sources */ = {
			isa = PBXSourcesBuildPhase;
			buildActionMask = 2147483647;
			files = (
				BF4EEA7927C6D7A80097C654 /* NextViewController.swift in Sources */,
				BFF5CF6627C36AFB00A1FD30 /* ViewController.swift in Sources */,
				BFF5CF9727C36FA700A1FD30 /* ToDoData.swift in Sources */,
				BFDFDA9727CB5A6900EE3CA7 /* DetailViewController.swift in Sources */,
				BFF5CF6227C36AFB00A1FD30 /* AppDelegate.swift in Sources */,
				BFF5CF6427C36AFB00A1FD30 /* SceneDelegate.swift in Sources */,
			);
			runOnlyForDeploymentPostprocessing = 0;
		};
		BFF5CF7027C36AFC00A1FD30 /* Sources */ = {
			isa = PBXSourcesBuildPhase;
			buildActionMask = 2147483647;
			files = (
				BFF5CF7927C36AFC00A1FD30 /* ToDoOriginalTests.swift in Sources */,
			);
			runOnlyForDeploymentPostprocessing = 0;
		};
		BFF5CF7A27C36AFC00A1FD30 /* Sources */ = {
			isa = PBXSourcesBuildPhase;
			buildActionMask = 2147483647;
			files = (
				BFF5CF8327C36AFC00A1FD30 /* ToDoOriginalUITests.swift in Sources */,
				BFF5CF8527C36AFC00A1FD30 /* ToDoOriginalUITestsLaunchTests.swift in Sources */,
			);
			runOnlyForDeploymentPostprocessing = 0;
		};
/* End PBXSourcesBuildPhase section */

/* Begin PBXTargetDependency section */
		BFF5CF7627C36AFC00A1FD30 /* PBXTargetDependency */ = {
			isa = PBXTargetDependency;
			target = BFF5CF5D27C36AFB00A1FD30 /* ToDoOriginal */;
			targetProxy = BFF5CF7527C36AFC00A1FD30 /* PBXContainerItemProxy */;
		};
		BFF5CF8027C36AFC00A1FD30 /* PBXTargetDependency */ = {
			isa = PBXTargetDependency;
			target = BFF5CF5D27C36AFB00A1FD30 /* ToDoOriginal */;
			targetProxy = BFF5CF7F27C36AFC00A1FD30 /* PBXContainerItemProxy */;
		};
/* End PBXTargetDependency section */

/* Begin PBXVariantGroup section */
		BFF5CF6727C36AFB00A1FD30 /* Main.storyboard */ = {
			isa = PBXVariantGroup;
			children = (
				BFF5CF6827C36AFB00A1FD30 /* Base */,
			);
			name = Main.storyboard;
			sourceTree = "<group>";
		};
		BFF5CF6C27C36AFC00A1FD30 /* LaunchScreen.storyboard */ = {
			isa = PBXVariantGroup;
			children = (
				BFF5CF6D27C36AFC00A1FD30 /* Base */,
			);
			name = LaunchScreen.storyboard;
			sourceTree = "<group>";
		};
/* End PBXVariantGroup section */

/* Begin XCBuildConfiguration section */
		BFF5CF8627C36AFC00A1FD30 /* Debug */ = {
			isa = XCBuildConfiguration;
			buildSettings = {
				ALWAYS_SEARCH_USER_PATHS = NO;
				CLANG_ANALYZER_NONNULL = YES;
				CLANG_ANALYZER_NUMBER_OBJECT_CONVERSION = YES_AGGRESSIVE;
				CLANG_CXX_LANGUAGE_STANDARD = "gnu++17";
				CLANG_CXX_LIBRARY = "libc++";
				CLANG_ENABLE_MODULES = YES;
				CLANG_ENABLE_OBJC_ARC = YES;
				CLANG_ENABLE_OBJC_WEAK = YES;
				CLANG_WARN_BLOCK_CAPTURE_AUTORELEASING = YES;
				CLANG_WARN_BOOL_CONVERSION = YES;
				CLANG_WARN_COMMA = YES;
				CLANG_WARN_CONSTANT_CONVERSION = YES;
				CLANG_WARN_DEPRECATED_OBJC_IMPLEMENTATIONS = YES;
				CLANG_WARN_DIRECT_OBJC_ISA_USAGE = YES_ERROR;
				CLANG_WARN_DOCUMENTATION_COMMENTS = YES;
				CLANG_WARN_EMPTY_BODY = YES;
				CLANG_WARN_ENUM_CONVERSION = YES;
				CLANG_WARN_INFINITE_RECURSION = YES;
				CLANG_WARN_INT_CONVERSION = YES;
				CLANG_WARN_NON_LITERAL_NULL_CONVERSION = YES;
				CLANG_WARN_OBJC_IMPLICIT_RETAIN_SELF = YES;
				CLANG_WARN_OBJC_LITERAL_CONVERSION = YES;
				CLANG_WARN_OBJC_ROOT_CLASS = YES_ERROR;
				CLANG_WARN_QUOTED_INCLUDE_IN_FRAMEWORK_HEADER = YES;
				CLANG_WARN_RANGE_LOOP_ANALYSIS = YES;
				CLANG_WARN_STRICT_PROTOTYPES = YES;
				CLANG_WARN_SUSPICIOUS_MOVE = YES;
				CLANG_WARN_UNGUARDED_AVAILABILITY = YES_AGGRESSIVE;
				CLANG_WARN_UNREACHABLE_CODE = YES;
				CLANG_WARN__DUPLICATE_METHOD_MATCH = YES;
				COPY_PHASE_STRIP = NO;
				DEBUG_INFORMATION_FORMAT = dwarf;
				ENABLE_STRICT_OBJC_MSGSEND = YES;
				ENABLE_TESTABILITY = YES;
				GCC_C_LANGUAGE_STANDARD = gnu11;
				GCC_DYNAMIC_NO_PIC = NO;
				GCC_NO_COMMON_BLOCKS = YES;
				GCC_OPTIMIZATION_LEVEL = 0;
				GCC_PREPROCESSOR_DEFINITIONS = (
					"DEBUG=1",
					"$(inherited)",
				);
				GCC_WARN_64_TO_32_BIT_CONVERSION = YES;
				GCC_WARN_ABOUT_RETURN_TYPE = YES_ERROR;
				GCC_WARN_UNDECLARED_SELECTOR = YES;
				GCC_WARN_UNINITIALIZED_AUTOS = YES_AGGRESSIVE;
				GCC_WARN_UNUSED_FUNCTION = YES;
				GCC_WARN_UNUSED_VARIABLE = YES;
				IPHONEOS_DEPLOYMENT_TARGET = 15.0;
				MTL_ENABLE_DEBUG_INFO = INCLUDE_SOURCE;
				MTL_FAST_MATH = YES;
				ONLY_ACTIVE_ARCH = YES;
				SDKROOT = iphoneos;
				SWIFT_ACTIVE_COMPILATION_CONDITIONS = DEBUG;
				SWIFT_OPTIMIZATION_LEVEL = "-Onone";
			};
			name = Debug;
		};
		BFF5CF8727C36AFC00A1FD30 /* Release */ = {
			isa = XCBuildConfiguration;
			buildSettings = {
				ALWAYS_SEARCH_USER_PATHS = NO;
				CLANG_ANALYZER_NONNULL = YES;
				CLANG_ANALYZER_NUMBER_OBJECT_CONVERSION = YES_AGGRESSIVE;
				CLANG_CXX_LANGUAGE_STANDARD = "gnu++17";
				CLANG_CXX_LIBRARY = "libc++";
				CLANG_ENABLE_MODULES = YES;
				CLANG_ENABLE_OBJC_ARC = YES;
				CLANG_ENABLE_OBJC_WEAK = YES;
				CLANG_WARN_BLOCK_CAPTURE_AUTORELEASING = YES;
				CLANG_WARN_BOOL_CONVERSION = YES;
				CLANG_WARN_COMMA = YES;
				CLANG_WARN_CONSTANT_CONVERSION = YES;
				CLANG_WARN_DEPRECATED_OBJC_IMPLEMENTATIONS = YES;
				CLANG_WARN_DIRECT_OBJC_ISA_USAGE = YES_ERROR;
				CLANG_WARN_DOCUMENTATION_COMMENTS = YES;
				CLANG_WARN_EMPTY_BODY = YES;
				CLANG_WARN_ENUM_CONVERSION = YES;
				CLANG_WARN_INFINITE_RECURSION = YES;
				CLANG_WARN_INT_CONVERSION = YES;
				CLANG_WARN_NON_LITERAL_NULL_CONVERSION = YES;
				CLANG_WARN_OBJC_IMPLICIT_RETAIN_SELF = YES;
				CLANG_WARN_OBJC_LITERAL_CONVERSION = YES;
				CLANG_WARN_OBJC_ROOT_CLASS = YES_ERROR;
				CLANG_WARN_QUOTED_INCLUDE_IN_FRAMEWORK_HEADER = YES;
				CLANG_WARN_RANGE_LOOP_ANALYSIS = YES;
				CLANG_WARN_STRICT_PROTOTYPES = YES;
				CLANG_WARN_SUSPICIOUS_MOVE = YES;
				CLANG_WARN_UNGUARDED_AVAILABILITY = YES_AGGRESSIVE;
				CLANG_WARN_UNREACHABLE_CODE = YES;
				CLANG_WARN__DUPLICATE_METHOD_MATCH = YES;
				COPY_PHASE_STRIP = NO;
				DEBUG_INFORMATION_FORMAT = "dwarf-with-dsym";
				ENABLE_NS_ASSERTIONS = NO;
				ENABLE_STRICT_OBJC_MSGSEND = YES;
				ENABLE_TESTABILITY = NO;
				GCC_C_LANGUAGE_STANDARD = gnu11;
				GCC_NO_COMMON_BLOCKS = YES;
				GCC_WARN_64_TO_32_BIT_CONVERSION = YES;
				GCC_WARN_ABOUT_RETURN_TYPE = YES_ERROR;
				GCC_WARN_UNDECLARED_SELECTOR = YES;
				GCC_WARN_UNINITIALIZED_AUTOS = YES_AGGRESSIVE;
				GCC_WARN_UNUSED_FUNCTION = YES;
				GCC_WARN_UNUSED_VARIABLE = YES;
				IPHONEOS_DEPLOYMENT_TARGET = 15.0;
				MTL_ENABLE_DEBUG_INFO = NO;
				MTL_FAST_MATH = YES;
				SDKROOT = iphoneos;
				SWIFT_COMPILATION_MODE = wholemodule;
				SWIFT_OPTIMIZATION_LEVEL = "-O";
				VALIDATE_PRODUCT = YES;
			};
			name = Release;
		};
		BFF5CF8927C36AFC00A1FD30 /* Debug */ = {
			isa = XCBuildConfiguration;
			buildSettings = {
				ASSETCATALOG_COMPILER_APPICON_NAME = AppIcon;
				ASSETCATALOG_COMPILER_GLOBAL_ACCENT_COLOR_NAME = AccentColor;
				CODE_SIGN_STYLE = Automatic;
				CURRENT_PROJECT_VERSION = 1;
				DEVELOPMENT_TEAM = H6WZ83BNAM;
				GENERATE_INFOPLIST_FILE = YES;
				INFOPLIST_FILE = ToDoOriginal/Info.plist;
				INFOPLIST_KEY_UIApplicationSupportsIndirectInputEvents = YES;
				INFOPLIST_KEY_UILaunchStoryboardName = LaunchScreen;
				INFOPLIST_KEY_UIMainStoryboardFile = Main;
				INFOPLIST_KEY_UISupportedInterfaceOrientations_iPad = "UIInterfaceOrientationPortrait UIInterfaceOrientationPortraitUpsideDown UIInterfaceOrientationLandscapeLeft UIInterfaceOrientationLandscapeRight";
				INFOPLIST_KEY_UISupportedInterfaceOrientations_iPhone = "UIInterfaceOrientationPortrait UIInterfaceOrientationLandscapeLeft UIInterfaceOrientationLandscapeRight";
				LD_RUNPATH_SEARCH_PATHS = (
					"$(inherited)",
					"@executable_path/Frameworks",
				);
				MARKETING_VERSION = 1.0;
				PRODUCT_BUNDLE_IDENTIFIER = com.Kurokawa.KURO.ToDoOriginal;
				PRODUCT_NAME = "$(TARGET_NAME)";
				SWIFT_EMIT_LOC_STRINGS = YES;
				SWIFT_VERSION = 5.0;
				TARGETED_DEVICE_FAMILY = "1,2";
			};
			name = Debug;
		};
		BFF5CF8A27C36AFC00A1FD30 /* Release */ = {
			isa = XCBuildConfiguration;
			buildSettings = {
				ASSETCATALOG_COMPILER_APPICON_NAME = AppIcon;
				ASSETCATALOG_COMPILER_GLOBAL_ACCENT_COLOR_NAME = AccentColor;
				CODE_SIGN_STYLE = Automatic;
				CURRENT_PROJECT_VERSION = 1;
				DEVELOPMENT_TEAM = H6WZ83BNAM;
				GENERATE_INFOPLIST_FILE = YES;
				INFOPLIST_FILE = ToDoOriginal/Info.plist;
				INFOPLIST_KEY_UIApplicationSupportsIndirectInputEvents = YES;
				INFOPLIST_KEY_UILaunchStoryboardName = LaunchScreen;
				INFOPLIST_KEY_UIMainStoryboardFile = Main;
				INFOPLIST_KEY_UISupportedInterfaceOrientations_iPad = "UIInterfaceOrientationPortrait UIInterfaceOrientationPortraitUpsideDown UIInterfaceOrientationLandscapeLeft UIInterfaceOrientationLandscapeRight";
				INFOPLIST_KEY_UISupportedInterfaceOrientations_iPhone = "UIInterfaceOrientationPortrait UIInterfaceOrientationLandscapeLeft UIInterfaceOrientationLandscapeRight";
				LD_RUNPATH_SEARCH_PATHS = (
					"$(inherited)",
					"@executable_path/Frameworks",
				);
				MARKETING_VERSION = 1.0;
				PRODUCT_BUNDLE_IDENTIFIER = com.Kurokawa.KURO.ToDoOriginal;
				PRODUCT_NAME = "$(TARGET_NAME)";
				SWIFT_EMIT_LOC_STRINGS = YES;
				SWIFT_VERSION = 5.0;
				TARGETED_DEVICE_FAMILY = "1,2";
			};
			name = Release;
		};
		BFF5CF8C27C36AFC00A1FD30 /* Debug */ = {
			isa = XCBuildConfiguration;
			buildSettings = {
				ALWAYS_EMBED_SWIFT_STANDARD_LIBRARIES = YES;
				BUNDLE_LOADER = "$(TEST_HOST)";
				CODE_SIGN_STYLE = Automatic;
				CURRENT_PROJECT_VERSION = 1;
				DEVELOPMENT_TEAM = H6WZ83BNAM;
				GENERATE_INFOPLIST_FILE = YES;
				IPHONEOS_DEPLOYMENT_TARGET = 15.0;
				LD_RUNPATH_SEARCH_PATHS = (
					"$(inherited)",
					"@executable_path/Frameworks",
					"@loader_path/Frameworks",
				);
				MARKETING_VERSION = 1.0;
				PRODUCT_BUNDLE_IDENTIFIER = com.Kurokawa.KURO.ToDoOriginalTests;
				PRODUCT_NAME = "$(TARGET_NAME)";
				SWIFT_EMIT_LOC_STRINGS = NO;
				SWIFT_VERSION = 5.0;
				TARGETED_DEVICE_FAMILY = "1,2";
				TEST_HOST = "$(BUILT_PRODUCTS_DIR)/ToDoOriginal.app/ToDoOriginal";
			};
			name = Debug;
		};
		BFF5CF8D27C36AFC00A1FD30 /* Release */ = {
			isa = XCBuildConfiguration;
			buildSettings = {
				ALWAYS_EMBED_SWIFT_STANDARD_LIBRARIES = YES;
				BUNDLE_LOADER = "$(TEST_HOST)";
				CODE_SIGN_STYLE = Automatic;
				CURRENT_PROJECT_VERSION = 1;
				DEVELOPMENT_TEAM = H6WZ83BNAM;
				GENERATE_INFOPLIST_FILE = YES;
				IPHONEOS_DEPLOYMENT_TARGET = 15.0;
				LD_RUNPATH_SEARCH_PATHS = (
					"$(inherited)",
					"@executable_path/Frameworks",
					"@loader_path/Frameworks",
				);
				MARKETING_VERSION = 1.0;
				PRODUCT_BUNDLE_IDENTIFIER = com.Kurokawa.KURO.ToDoOriginalTests;
				PRODUCT_NAME = "$(TARGET_NAME)";
				SWIFT_EMIT_LOC_STRINGS = NO;
				SWIFT_VERSION = 5.0;
				TARGETED_DEVICE_FAMILY = "1,2";
				TEST_HOST = "$(BUILT_PRODUCTS_DIR)/ToDoOriginal.app/ToDoOriginal";
			};
			name = Release;
		};
		BFF5CF8F27C36AFC00A1FD30 /* Debug */ = {
			isa = XCBuildConfiguration;
			buildSettings = {
				ALWAYS_EMBED_SWIFT_STANDARD_LIBRARIES = YES;
				CODE_SIGN_STYLE = Automatic;
				CURRENT_PROJECT_VERSION = 1;
				DEVELOPMENT_TEAM = H6WZ83BNAM;
				GENERATE_INFOPLIST_FILE = YES;
				LD_RUNPATH_SEARCH_PATHS = (
					"$(inherited)",
					"@executable_path/Frameworks",
					"@loader_path/Frameworks",
				);
				MARKETING_VERSION = 1.0;
				PRODUCT_BUNDLE_IDENTIFIER = com.Kurokawa.KURO.ToDoOriginalUITests;
				PRODUCT_NAME = "$(TARGET_NAME)";
				SWIFT_EMIT_LOC_STRINGS = NO;
				SWIFT_VERSION = 5.0;
				TARGETED_DEVICE_FAMILY = "1,2";
				TEST_TARGET_NAME = ToDoOriginal;
			};
			name = Debug;
		};
		BFF5CF9027C36AFC00A1FD30 /* Release */ = {
			isa = XCBuildConfiguration;
			buildSettings = {
				ALWAYS_EMBED_SWIFT_STANDARD_LIBRARIES = YES;
				CODE_SIGN_STYLE = Automatic;
				CURRENT_PROJECT_VERSION = 1;
				DEVELOPMENT_TEAM = H6WZ83BNAM;
				GENERATE_INFOPLIST_FILE = YES;
				LD_RUNPATH_SEARCH_PATHS = (
					"$(inherited)",
					"@executable_path/Frameworks",
					"@loader_path/Frameworks",
				);
				MARKETING_VERSION = 1.0;
				PRODUCT_BUNDLE_IDENTIFIER = com.Kurokawa.KURO.ToDoOriginalUITests;
				PRODUCT_NAME = "$(TARGET_NAME)";
				SWIFT_EMIT_LOC_STRINGS = NO;
				SWIFT_VERSION = 5.0;
				TARGETED_DEVICE_FAMILY = "1,2";
				TEST_TARGET_NAME = ToDoOriginal;
			};
			name = Release;
		};
/* End XCBuildConfiguration section */

/* Begin XCConfigurationList section */
		BFF5CF5927C36AFB00A1FD30 /* Build configuration list for PBXProject "ToDoOriginal" */ = {
			isa = XCConfigurationList;
			buildConfigurations = (
				BFF5CF8627C36AFC00A1FD30 /* Debug */,
				BFF5CF8727C36AFC00A1FD30 /* Release */,
			);
			defaultConfigurationIsVisible = 0;
			defaultConfigurationName = Release;
		};
		BFF5CF8827C36AFC00A1FD30 /* Build configuration list for PBXNativeTarget "ToDoOriginal" */ = {
			isa = XCConfigurationList;
			buildConfigurations = (
				BFF5CF8927C36AFC00A1FD30 /* Debug */,
				BFF5CF8A27C36AFC00A1FD30 /* Release */,
			);
			defaultConfigurationIsVisible = 0;
			defaultConfigurationName = Release;
		};
		BFF5CF8B27C36AFC00A1FD30 /* Build configuration list for PBXNativeTarget "ToDoOriginalTests" */ = {
			isa = XCConfigurationList;
			buildConfigurations = (
				BFF5CF8C27C36AFC00A1FD30 /* Debug */,
				BFF5CF8D27C36AFC00A1FD30 /* Release */,
			);
			defaultConfigurationIsVisible = 0;
			defaultConfigurationName = Release;
		};
		BFF5CF8E27C36AFC00A1FD30 /* Build configuration list for PBXNativeTarget "ToDoOriginalUITests" */ = {
			isa = XCConfigurationList;
			buildConfigurations = (
				BFF5CF8F27C36AFC00A1FD30 /* Debug */,
				BFF5CF9027C36AFC00A1FD30 /* Release */,
			);
			defaultConfigurationIsVisible = 0;
			defaultConfigurationName = Release;
		};
/* End XCConfigurationList section */

/* Begin XCRemoteSwiftPackageReference section */
		BFF5CF9127C36C4400A1FD30 /* XCRemoteSwiftPackageReference "realm-cocoa" */ = {
			isa = XCRemoteSwiftPackageReference;
			repositoryURL = "https://github.com/realm/realm-cocoa";
			requirement = {
				branch = master;
				kind = branch;
			};
		};
/* End XCRemoteSwiftPackageReference section */

/* Begin XCSwiftPackageProductDependency section */
		BFF5CF9227C36C4400A1FD30 /* Realm */ = {
			isa = XCSwiftPackageProductDependency;
			package = BFF5CF9127C36C4400A1FD30 /* XCRemoteSwiftPackageReference "realm-cocoa" */;
			productName = Realm;
		};
		BFF5CF9427C36C4400A1FD30 /* RealmSwift */ = {
			isa = XCSwiftPackageProductDependency;
			package = BFF5CF9127C36C4400A1FD30 /* XCRemoteSwiftPackageReference "realm-cocoa" */;
			productName = RealmSwift;
		};
/* End XCSwiftPackageProductDependency section */
	};
	rootObject = BFF5CF5627C36AFB00A1FD30 /* Project object */;
}
